
Microsoft Visual Studio Solution File, Format Version 12.00
# Visual Studio Version 17
VisualStudioVersion = 17.3.32929.385
MinimumVisualStudioVersion = 10.0.40219.1
Project("{FAE04EC0-301F-11D3-BF4B-00C04F79EFBC}") = "TabazatGUIAdata", "TabazatGUIAdata.csproj", "{2DA3DEC8-6B1F-47EE-97D8-B436F9BC44D6}"
EndProject
Global
	GlobalSection(SolutionConfigurationPlatforms) = preSolution
		Debug|Any CPU = Debug|Any CPU
		Release|Any CPU = Release|Any CPU
	EndGlobalSection
	GlobalSection(ProjectConfigurationPlatforms) = postSolution
		{2DA3DEC8-6B1F-47EE-97D8-B436F9BC44D6}.Debug|Any CPU.ActiveCfg = Debug|Any CPU
		{2DA3DEC8-6B1F-47EE-97D8-B436F9BC44D6}.Debug|Any CPU.Build.0 = Debug|Any CPU
		{2DA3DEC8-6B1F-47EE-97D8-B436F9BC44D6}.Release|Any CPU.ActiveCfg = Release|Any CPU
		{2DA3DEC8-6B1F-47EE-97D8-B436F9BC44D6}.Release|Any CPU.Build.0 = Release|Any CPU
	EndGlobalSection
	GlobalSection(SolutionProperties) = preSolution
		HideSolutionNode = FALSE
	EndGlobalSection
	GlobalSection(ExtensibilityGlobals) = postSolution
		SolutionGuid = {4F7CB7A8-3DE1-4339-8EA9-33B93635AE1A}
	EndGlobalSection
EndGlobal
